
Microsoft Visual Studio Solution File, Format Version 12.00
# Visual Studio 15
VisualStudioVersion = 15.0.26124.0
MinimumVisualStudioVersion = 15.0.26124.0
Project("{FAE04EC0-301F-11D3-BF4B-00C04F79EFBC}") = "library", "library\library.csproj", "{7070E8FC-3598-4180-9F67-8276450591F0}"
EndProject
Project("{FAE04EC0-301F-11D3-BF4B-00C04F79EFBC}") = "test-library", "test-library\test-library.csproj", "{90DA0A00-D46C-40D6-94AE-D1700BC9F070}"
EndProject
Global
	GlobalSection(SolutionConfigurationPlatforms) = preSolution
		Debug|Any CPU = Debug|Any CPU
		Debug|x64 = Debug|x64
		Debug|x86 = Debug|x86
		Release|Any CPU = Release|Any CPU
		Release|x64 = Release|x64
		Release|x86 = Release|x86
	EndGlobalSection
	GlobalSection(SolutionProperties) = preSolution
		HideSolutionNode = FALSE
	EndGlobalSection
	GlobalSection(ProjectConfigurationPlatforms) = postSolution
		{7070E8FC-3598-4180-9F67-8276450591F0}.Debug|Any CPU.ActiveCfg = Debug|Any CPU
		{7070E8FC-3598-4180-9F67-8276450591F0}.Debug|Any CPU.Build.0 = Debug|Any CPU
		{7070E8FC-3598-4180-9F67-8276450591F0}.Debug|x64.ActiveCfg = Debug|Any CPU
		{7070E8FC-3598-4180-9F67-8276450591F0}.Debug|x64.Build.0 = Debug|Any CPU
		{7070E8FC-3598-4180-9F67-8276450591F0}.Debug|x86.ActiveCfg = Debug|Any CPU
		{7070E8FC-3598-4180-9F67-8276450591F0}.Debug|x86.Build.0 = Debug|Any CPU
		{7070E8FC-3598-4180-9F67-8276450591F0}.Release|Any CPU.ActiveCfg = Release|Any CPU
		{7070E8FC-3598-4180-9F67-8276450591F0}.Release|Any CPU.Build.0 = Release|Any CPU
		{7070E8FC-3598-4180-9F67-8276450591F0}.Release|x64.ActiveCfg = Release|Any CPU
		{7070E8FC-3598-4180-9F67-8276450591F0}.Release|x64.Build.0 = Release|Any CPU
		{7070E8FC-3598-4180-9F67-8276450591F0}.Release|x86.ActiveCfg = Release|Any CPU
		{7070E8FC-3598-4180-9F67-8276450591F0}.Release|x86.Build.0 = Release|Any CPU
		{90DA0A00-D46C-40D6-94AE-D1700BC9F070}.Debug|Any CPU.ActiveCfg = Debug|Any CPU
		{90DA0A00-D46C-40D6-94AE-D1700BC9F070}.Debug|Any CPU.Build.0 = Debug|Any CPU
		{90DA0A00-D46C-40D6-94AE-D1700BC9F070}.Debug|x64.ActiveCfg = Debug|Any CPU
		{90DA0A00-D46C-40D6-94AE-D1700BC9F070}.Debug|x64.Build.0 = Debug|Any CPU
		{90DA0A00-D46C-40D6-94AE-D1700BC9F070}.Debug|x86.ActiveCfg = Debug|Any CPU
		{90DA0A00-D46C-40D6-94AE-D1700BC9F070}.Debug|x86.Build.0 = Debug|Any CPU
		{90DA0A00-D46C-40D6-94AE-D1700BC9F070}.Release|Any CPU.ActiveCfg = Release|Any CPU
		{90DA0A00-D46C-40D6-94AE-D1700BC9F070}.Release|Any CPU.Build.0 = Release|Any CPU
		{90DA0A00-D46C-40D6-94AE-D1700BC9F070}.Release|x64.ActiveCfg = Release|Any CPU
		{90DA0A00-D46C-40D6-94AE-D1700BC9F070}.Release|x64.Build.0 = Release|Any CPU
		{90DA0A00-D46C-40D6-94AE-D1700BC9F070}.Release|x86.ActiveCfg = Release|Any CPU
		{90DA0A00-D46C-40D6-94AE-D1700BC9F070}.Release|x86.Build.0 = Release|Any CPU
	EndGlobalSection
EndGlobal
